
Microsoft Visual Studio Solution File, Format Version 12.00
# Visual Studio Version 17
VisualStudioVersion = 17.5.33530.505
MinimumVisualStudioVersion = 10.0.40219.1
Project("{FAE04EC0-301F-11D3-BF4B-00C04F79EFBC}") = "Huffman", "Huffman\Huffman.csproj", "{4554D243-98B2-4009-A50A-5EF62C3E9B7F}"
EndProject
Global
	GlobalSection(SolutionConfigurationPlatforms) = preSolution
		Debug|Any CPU = Debug|Any CPU
		Release|Any CPU = Release|Any CPU
	EndGlobalSection
	GlobalSection(ProjectConfigurationPlatforms) = postSolution
		{4554D243-98B2-4009-A50A-5EF62C3E9B7F}.Debug|Any CPU.ActiveCfg = Debug|Any CPU
		{4554D243-98B2-4009-A50A-5EF62C3E9B7F}.Debug|Any CPU.Build.0 = Debug|Any CPU
		{4554D243-98B2-4009-A50A-5EF62C3E9B7F}.Release|Any CPU.ActiveCfg = Release|Any CPU
		{4554D243-98B2-4009-A50A-5EF62C3E9B7F}.Release|Any CPU.Build.0 = Release|Any CPU
	EndGlobalSection
	GlobalSection(SolutionProperties) = preSolution
		HideSolutionNode = FALSE
	EndGlobalSection
	GlobalSection(ExtensibilityGlobals) = postSolution
		SolutionGuid = {4DA02CCF-0C1B-435E-9298-28BD13AEBE08}
	EndGlobalSection
EndGlobal
